
Microsoft Visual Studio Solution File, Format Version 12.00
# Visual Studio Version 17
VisualStudioVersion = 17.10.34928.147
MinimumVisualStudioVersion = 10.0.40219.1
Project("{E24C65DC-7377-472B-9ABA-BC803B73C61A}") = "PedroMolteniLPC", ".", "{8FBC56CE-4E81-41EC-B2F0-179B66A682C4}"
	ProjectSection(WebsiteProperties) = preProject
		TargetFrameworkMoniker = ".NETFramework,Version%3Dv4.8.1"
		Debug.AspNetCompiler.VirtualPath = "/localhost_57783"
		Debug.AspNetCompiler.PhysicalPath = "..\PedroMolteniLPC\"
		Debug.AspNetCompiler.TargetPath = "PrecompiledWeb\localhost_57783\"
		Debug.AspNetCompiler.Updateable = "true"
		Debug.AspNetCompiler.ForceOverwrite = "true"
		Debug.AspNetCompiler.FixedNames = "false"
		Debug.AspNetCompiler.Debug = "True"
		Release.AspNetCompiler.VirtualPath = "/localhost_57783"
		Release.AspNetCompiler.PhysicalPath = "..\PedroMolteniLPC\"
		Release.AspNetCompiler.TargetPath = "PrecompiledWeb\localhost_57783\"
		Release.AspNetCompiler.Updateable = "true"
		Release.AspNetCompiler.ForceOverwrite = "true"
		Release.AspNetCompiler.FixedNames = "false"
		Release.AspNetCompiler.Debug = "False"
		VWDPort = "57783"
		SlnRelativePath = "..\PedroMolteniLPC\"
	EndProjectSection
EndProject
Global
	GlobalSection(SolutionConfigurationPlatforms) = preSolution
		Debug|Any CPU = Debug|Any CPU
	EndGlobalSection
	GlobalSection(ProjectConfigurationPlatforms) = postSolution
		{8FBC56CE-4E81-41EC-B2F0-179B66A682C4}.Debug|Any CPU.ActiveCfg = Debug|Any CPU
		{8FBC56CE-4E81-41EC-B2F0-179B66A682C4}.Debug|Any CPU.Build.0 = Debug|Any CPU
	EndGlobalSection
	GlobalSection(SolutionProperties) = preSolution
		HideSolutionNode = FALSE
	EndGlobalSection
	GlobalSection(ExtensibilityGlobals) = postSolution
		SolutionGuid = {90068656-BB08-47C9-B128-098D0052B3F0}
	EndGlobalSection
EndGlobal
